
Microsoft Visual Studio Solution File, Format Version 12.00
# Visual Studio Version 16
VisualStudioVersion = 16.0.29326.143
MinimumVisualStudioVersion = 10.0.40219.1
Project("{FAE04EC0-301F-11D3-BF4B-00C04F79EFBC}") = "OOP_Advanced", "OOP_Advanced\OOP_Advanced.csproj", "{CA4E015E-F5D3-4F4D-B002-DABE08EFDB70}"
EndProject
Global
	GlobalSection(SolutionConfigurationPlatforms) = preSolution
		Debug|Any CPU = Debug|Any CPU
		Release|Any CPU = Release|Any CPU
	EndGlobalSection
	GlobalSection(ProjectConfigurationPlatforms) = postSolution
		{CA4E015E-F5D3-4F4D-B002-DABE08EFDB70}.Debug|Any CPU.ActiveCfg = Debug|Any CPU
		{CA4E015E-F5D3-4F4D-B002-DABE08EFDB70}.Debug|Any CPU.Build.0 = Debug|Any CPU
		{CA4E015E-F5D3-4F4D-B002-DABE08EFDB70}.Release|Any CPU.ActiveCfg = Release|Any CPU
		{CA4E015E-F5D3-4F4D-B002-DABE08EFDB70}.Release|Any CPU.Build.0 = Release|Any CPU
	EndGlobalSection
	GlobalSection(SolutionProperties) = preSolution
		HideSolutionNode = FALSE
	EndGlobalSection
	GlobalSection(ExtensibilityGlobals) = postSolution
		SolutionGuid = {C7852052-2019-4571-91B5-5D5DD6629A33}
	EndGlobalSection
EndGlobal
